// !$*UTF8*$!
{
	archiveVersion = 1;
	classes = {
	};
	objectVersion = 77;
	objects = {

/* Begin PBXBuildFile section */
		7CB31AD02FEEB2A0001F1209 /* libsfml-graphics.3.0.2.dylib in Frameworks */ = {isa = PBXBuildFile; fileRef = 7CB31AD62FEEB2A0001F1209 /* libsfml-graphics.3.0.2.dylib */; };
		7CB31AD12FEEB2A0001F1209 /* libsfml-window.3.0.2.dylib in Frameworks */ = {isa = PBXBuildFile; fileRef = 7CB31AD72FEEB2A0001F1209 /* libsfml-window.3.0.2.dylib */; };
		7CB31AD22FEEB2A0001F1209 /* libsfml-system.3.0.2.dylib in Frameworks */ = {isa = PBXBuildFile; fileRef = 7CB31AD82FEEB2A0001F1209 /* libsfml-system.3.0.2.dylib */; };
		7CB31AD32FEEB2A0001F1209 /* libsfml-graphics.3.0.2.dylib in Embed Runtime Dylibs */ = {isa = PBXBuildFile; fileRef = 7CB31AD62FEEB2A0001F1209 /* libsfml-graphics.3.0.2.dylib */; settings = {ATTRIBUTES = (CodeSignOnCopy, ); }; };
		7CB31AD42FEEB2A0001F1209 /* libsfml-window.3.0.2.dylib in Embed Runtime Dylibs */ = {isa = PBXBuildFile; fileRef = 7CB31AD72FEEB2A0001F1209 /* libsfml-window.3.0.2.dylib */; settings = {ATTRIBUTES = (CodeSignOnCopy, ); }; };
		7CB31AD52FEEB2A0001F1209 /* libsfml-system.3.0.2.dylib in Embed Runtime Dylibs */ = {isa = PBXBuildFile; fileRef = 7CB31AD82FEEB2A0001F1209 /* libsfml-system.3.0.2.dylib */; settings = {ATTRIBUTES = (CodeSignOnCopy, ); }; };
		7CB31AEE2FEEF700001F1209 /* libfreetype.6.dylib in Embed Runtime Dylibs */ = {isa = PBXBuildFile; fileRef = 7CB31AEC2FEEF700001F1209 /* libfreetype.6.dylib */; settings = {ATTRIBUTES = (CodeSignOnCopy, ); }; };
		7CB31AEF2FEEF700001F1209 /* libpng16.16.dylib in Embed Runtime Dylibs */ = {isa = PBXBuildFile; fileRef = 7CB31AED2FEEF700001F1209 /* libpng16.16.dylib */; settings = {ATTRIBUTES = (CodeSignOnCopy, ); }; };
/* End PBXBuildFile section */

/* Begin PBXCopyFilesBuildPhase section */
		7CB31AD92FEEB2A0001F1209 /* Embed Runtime Dylibs */ = {
			isa = PBXCopyFilesBuildPhase;
			buildActionMask = 2147483647;
			dstPath = "";
			dstSubfolderSpec = 10;
			files = (
				7CB31AD32FEEB2A0001F1209 /* libsfml-graphics.3.0.2.dylib in Embed Runtime Dylibs */,
				7CB31AD42FEEB2A0001F1209 /* libsfml-window.3.0.2.dylib in Embed Runtime Dylibs */,
				7CB31AD52FEEB2A0001F1209 /* libsfml-system.3.0.2.dylib in Embed Runtime Dylibs */,
				7CB31AEE2FEEF700001F1209 /* libfreetype.6.dylib in Embed Runtime Dylibs */,
				7CB31AEF2FEEF700001F1209 /* libpng16.16.dylib in Embed Runtime Dylibs */,
			);
			name = "Embed Runtime Dylibs";
			runOnlyForDeploymentPostprocessing = 0;
		};
/* End PBXCopyFilesBuildPhase section */

/* Begin PBXFileReference section */
		7C2B54002FE5115500DF1AC6 /* Labyrinth Builder */ = {isa = PBXFileReference; explicitFileType = "compiled.mach-o.executable"; includeInIndex = 0; path = "Labyrinth Builder"; sourceTree = BUILT_PRODUCTS_DIR; };
		7CB319F32FEE9C9D001F1209 /* SfmlRendererSmoke */ = {isa = PBXFileReference; explicitFileType = "compiled.mach-o.executable"; includeInIndex = 0; path = SfmlRendererSmoke; sourceTree = BUILT_PRODUCTS_DIR; };
		7CB31A042FEE9D6B001F1209 /* SfmlWindowTest */ = {isa = PBXFileReference; explicitFileType = "compiled.mach-o.executable"; includeInIndex = 0; path = SfmlWindowTest; sourceTree = BUILT_PRODUCTS_DIR; };
		7CB31AB82FEEAB12001F1209 /* Labyrinth Builder App.app */ = {isa = PBXFileReference; explicitFileType = wrapper.application; includeInIndex = 0; path = "Labyrinth Builder App.app"; sourceTree = BUILT_PRODUCTS_DIR; };
		7CB31AD62FEEB2A0001F1209 /* libsfml-graphics.3.0.2.dylib */ = {isa = PBXFileReference; lastKnownFileType = "compiled.mach-o.dylib"; path = "libsfml-graphics.3.0.2.dylib"; sourceTree = "<group>"; };
		7CB31AD72FEEB2A0001F1209 /* libsfml-window.3.0.2.dylib */ = {isa = PBXFileReference; lastKnownFileType = "compiled.mach-o.dylib"; path = "libsfml-window.3.0.2.dylib"; sourceTree = "<group>"; };
		7CB31AD82FEEB2A0001F1209 /* libsfml-system.3.0.2.dylib */ = {isa = PBXFileReference; lastKnownFileType = "compiled.mach-o.dylib"; path = "libsfml-system.3.0.2.dylib"; sourceTree = "<group>"; };
		7CB31AE12FEEF000001F1209 /* LabyrinthBuilderShared.xcconfig */ = {isa = PBXFileReference; lastKnownFileType = text.xcconfig; path = LabyrinthBuilderShared.xcconfig; sourceTree = "<group>"; };
		7CB31AE22FEEF000001F1209 /* LabyrinthBuilderApp.xcconfig */ = {isa = PBXFileReference; lastKnownFileType = text.xcconfig; path = LabyrinthBuilderApp.xcconfig; sourceTree = "<group>"; };
		7CB31AE32FEEF000001F1209 /* LabyrinthBuilderApp-Debug.xcconfig */ = {isa = PBXFileReference; lastKnownFileType = text.xcconfig; path = "LabyrinthBuilderApp-Debug.xcconfig"; sourceTree = "<group>"; };
		7CB31AE42FEEF000001F1209 /* LabyrinthBuilderApp-Release.xcconfig */ = {isa = PBXFileReference; lastKnownFileType = text.xcconfig; path = "LabyrinthBuilderApp-Release.xcconfig"; sourceTree = "<group>"; };
		7CB31AEC2FEEF700001F1209 /* libfreetype.6.dylib */ = {isa = PBXFileReference; lastKnownFileType = "compiled.mach-o.dylib"; path = libfreetype.6.dylib; sourceTree = "<group>"; };
		7CB31AED2FEEF700001F1209 /* libpng16.16.dylib */ = {isa = PBXFileReference; lastKnownFileType = "compiled.mach-o.dylib"; path = libpng16.16.dylib; sourceTree = "<group>"; };
/* End PBXFileReference section */

/* Begin PBXFileSystemSynchronizedBuildFileExceptionSet section */
		7CB319FD2FEE9CD4001F1209 /* Exceptions for "Labyrinth Builder" folder in "SfmlRendererSmoke" target */ = {
			isa = PBXFileSystemSynchronizedBuildFileExceptionSet;
			membershipExceptions = (
				Maze.cpp,
				Player.cpp,
				SfmlRenderer.cpp,
			);
			target = 7CB319F22FEE9C9D001F1209 /* SfmlRendererSmoke */;
		};
		7CB31A102FEE9DBD001F1209 /* Exceptions for "Labyrinth Builder" folder in "SfmlWindowTest" target */ = {
			isa = PBXFileSystemSynchronizedBuildFileExceptionSet;
			membershipExceptions = (
				Maze.cpp,
				Player.cpp,
			);
			target = 7CB31A032FEE9D6B001F1209 /* SfmlWindowTest */;
		};
		7CB31ADA2FEEB2A0001F1209 /* Exceptions for "Labyrinth Builder" folder in "Labyrinth Builder App" target */ = {
			isa = PBXFileSystemSynchronizedBuildFileExceptionSet;
			membershipExceptions = (
				Maze.cpp,
				Player.cpp,
				SfmlRenderer.cpp,
			);
			target = 7CB31AB72FEEAB12001F1209 /* Labyrinth Builder App */;
		};
/* End PBXFileSystemSynchronizedBuildFileExceptionSet section */

/* Begin PBXFileSystemSynchronizedRootGroup section */
		7C2B54022FE5115500DF1AC6 /* Labyrinth Builder */ = {
			isa = PBXFileSystemSynchronizedRootGroup;
			exceptions = (
				7CB319FD2FEE9CD4001F1209 /* Exceptions for "Labyrinth Builder" folder in "SfmlRendererSmoke" target */,
				7CB31A102FEE9DBD001F1209 /* Exceptions for "Labyrinth Builder" folder in "SfmlWindowTest" target */,
				7CB31ADA2FEEB2A0001F1209 /* Exceptions for "Labyrinth Builder" folder in "Labyrinth Builder App" target */,
			);
			path = "Labyrinth Builder";
			sourceTree = "<group>";
		};
		7CB319F42FEE9C9D001F1209 /* SfmlRendererSmoke */ = {
			isa = PBXFileSystemSynchronizedRootGroup;
			path = SfmlRendererSmoke;
			sourceTree = "<group>";
		};
		7CB31A052FEE9D6B001F1209 /* SfmlWindowTest */ = {
			isa = PBXFileSystemSynchronizedRootGroup;
			path = SfmlWindowTest;
			sourceTree = "<group>";
		};
		7CB31AB92FEEAB12001F1209 /* Labyrinth Builder App */ = {
			isa = PBXFileSystemSynchronizedRootGroup;
			path = "Labyrinth Builder App";
			sourceTree = "<group>";
		};
/* End PBXFileSystemSynchronizedRootGroup section */

/* Begin PBXFrameworksBuildPhase section */
		7C2B53FD2FE5115500DF1AC6 /* Frameworks */ = {
			isa = PBXFrameworksBuildPhase;
			buildActionMask = 2147483647;
			files = (
			);
			runOnlyForDeploymentPostprocessing = 0;
		};
		7CB319F02FEE9C9D001F1209 /* Frameworks */ = {
			isa = PBXFrameworksBuildPhase;
			buildActionMask = 2147483647;
			files = (
			);
			runOnlyForDeploymentPostprocessing = 0;
		};
		7CB31A012FEE9D6B001F1209 /* Frameworks */ = {
			isa = PBXFrameworksBuildPhase;
			buildActionMask = 2147483647;
			files = (
			);
			runOnlyForDeploymentPostprocessing = 0;
		};
		7CB31AB52FEEAB12001F1209 /* Frameworks */ = {
			isa = PBXFrameworksBuildPhase;
			buildActionMask = 2147483647;
			files = (
				7CB31AD02FEEB2A0001F1209 /* libsfml-graphics.3.0.2.dylib in Frameworks */,
				7CB31AD12FEEB2A0001F1209 /* libsfml-window.3.0.2.dylib in Frameworks */,
				7CB31AD22FEEB2A0001F1209 /* libsfml-system.3.0.2.dylib in Frameworks */,
			);
			runOnlyForDeploymentPostprocessing = 0;
		};
/* End PBXFrameworksBuildPhase section */

/* Begin PBXGroup section */
		7C2B53F72FE5115500DF1AC6 = {
			isa = PBXGroup;
			children = (
				7CB31AB92FEEAB12001F1209 /* Labyrinth Builder App */,
				7C2B54022FE5115500DF1AC6 /* Labyrinth Builder */,
				7CB31AF02FEEFD00001F1209 /* Tests */,
				7CB31AE02FEEF000001F1209 /* Config */,
				7CB31AE52FEEF300001F1209 /* ThirdParty */,
				7C2B54012FE5115500DF1AC6 /* Products */,
			);
			sourceTree = "<group>";
		};
		7C2B54012FE5115500DF1AC6 /* Products */ = {
			isa = PBXGroup;
			children = (
				7C2B54002FE5115500DF1AC6 /* Labyrinth Builder */,
				7CB319F32FEE9C9D001F1209 /* SfmlRendererSmoke */,
				7CB31A042FEE9D6B001F1209 /* SfmlWindowTest */,
				7CB31AB82FEEAB12001F1209 /* Labyrinth Builder App.app */,
			);
			name = Products;
			sourceTree = "<group>";
		};
		7CB31AE02FEEF000001F1209 /* Config */ = {
			isa = PBXGroup;
			children = (
				7CB31AE12FEEF000001F1209 /* LabyrinthBuilderShared.xcconfig */,
				7CB31AE22FEEF000001F1209 /* LabyrinthBuilderApp.xcconfig */,
				7CB31AE32FEEF000001F1209 /* LabyrinthBuilderApp-Debug.xcconfig */,
				7CB31AE42FEEF000001F1209 /* LabyrinthBuilderApp-Release.xcconfig */,
			);
			path = Config;
			sourceTree = "<group>";
		};
		7CB31AE52FEEF300001F1209 /* ThirdParty */ = {
			isa = PBXGroup;
			children = (
				7CB31AE62FEEF300001F1209 /* SFML */,
				7CB31AE82FEEF700001F1209 /* FreeType */,
				7CB31AEA2FEEF700001F1209 /* libpng */,
			);
			path = ThirdParty;
			sourceTree = "<group>";
		};
		7CB31AE62FEEF300001F1209 /* SFML */ = {
			isa = PBXGroup;
			children = (
				7CB31AE72FEEF300001F1209 /* lib */,
			);
			path = SFML;
			sourceTree = "<group>";
		};
		7CB31AE72FEEF300001F1209 /* lib */ = {
			isa = PBXGroup;
			children = (
				7CB31AD62FEEB2A0001F1209 /* libsfml-graphics.3.0.2.dylib */,
				7CB31AD72FEEB2A0001F1209 /* libsfml-window.3.0.2.dylib */,
				7CB31AD82FEEB2A0001F1209 /* libsfml-system.3.0.2.dylib */,
			);
			path = lib;
			sourceTree = "<group>";
		};
		7CB31AE82FEEF700001F1209 /* FreeType */ = {
			isa = PBXGroup;
			children = (
				7CB31AE92FEEF700001F1209 /* lib */,
			);
			path = FreeType;
			sourceTree = "<group>";
		};
		7CB31AE92FEEF700001F1209 /* lib */ = {
			isa = PBXGroup;
			children = (
				7CB31AEC2FEEF700001F1209 /* libfreetype.6.dylib */,
			);
			path = lib;
			sourceTree = "<group>";
		};
		7CB31AEA2FEEF700001F1209 /* libpng */ = {
			isa = PBXGroup;
			children = (
				7CB31AEB2FEEF700001F1209 /* lib */,
			);
			path = libpng;
			sourceTree = "<group>";
		};
		7CB31AEB2FEEF700001F1209 /* lib */ = {
			isa = PBXGroup;
			children = (
				7CB31AED2FEEF700001F1209 /* libpng16.16.dylib */,
			);
			path = lib;
			sourceTree = "<group>";
		};
		7CB31AF02FEEFD00001F1209 /* Tests */ = {
			isa = PBXGroup;
			children = (
				7CB319F42FEE9C9D001F1209 /* SfmlRendererSmoke */,
				7CB31A052FEE9D6B001F1209 /* SfmlWindowTest */,
			);
			name = Tests;
			sourceTree = "<group>";
		};
/* End PBXGroup section */

/* Begin PBXNativeTarget section */
		7C2B53FF2FE5115500DF1AC6 /* Labyrinth Builder */ = {
			isa = PBXNativeTarget;
			buildConfigurationList = 7C2B54072FE5115500DF1AC6 /* Build configuration list for PBXNativeTarget "Labyrinth Builder" */;
			buildPhases = (
				7C2B53FC2FE5115500DF1AC6 /* Sources */,
				7C2B53FD2FE5115500DF1AC6 /* Frameworks */,
			);
			buildRules = (
			);
			dependencies = (
			);
			fileSystemSynchronizedGroups = (
				7C2B54022FE5115500DF1AC6 /* Labyrinth Builder */,
			);
			name = "Labyrinth Builder";
			packageProductDependencies = (
			);
			productName = "Labyrinth Builder";
			productReference = 7C2B54002FE5115500DF1AC6 /* Labyrinth Builder */;
			productType = "com.apple.product-type.tool";
		};
		7CB319F22FEE9C9D001F1209 /* SfmlRendererSmoke */ = {
			isa = PBXNativeTarget;
			buildConfigurationList = 7CB319F72FEE9C9D001F1209 /* Build configuration list for PBXNativeTarget "SfmlRendererSmoke" */;
			buildPhases = (
				7CB319EF2FEE9C9D001F1209 /* Sources */,
				7CB319F02FEE9C9D001F1209 /* Frameworks */,
			);
			buildRules = (
			);
			dependencies = (
			);
			fileSystemSynchronizedGroups = (
				7CB319F42FEE9C9D001F1209 /* SfmlRendererSmoke */,
			);
			name = SfmlRendererSmoke;
			packageProductDependencies = (
			);
			productName = SfmlRendererSmoke;
			productReference = 7CB319F32FEE9C9D001F1209 /* SfmlRendererSmoke */;
			productType = "com.apple.product-type.tool";
		};
		7CB31A032FEE9D6B001F1209 /* SfmlWindowTest */ = {
			isa = PBXNativeTarget;
			buildConfigurationList = 7CB31A082FEE9D6B001F1209 /* Build configuration list for PBXNativeTarget "SfmlWindowTest" */;
			buildPhases = (
				7CB31A002FEE9D6B001F1209 /* Sources */,
				7CB31A012FEE9D6B001F1209 /* Frameworks */,
			);
			buildRules = (
			);
			dependencies = (
			);
			fileSystemSynchronizedGroups = (
				7CB31A052FEE9D6B001F1209 /* SfmlWindowTest */,
			);
			name = SfmlWindowTest;
			packageProductDependencies = (
			);
			productName = SfmlWindowTest;
			productReference = 7CB31A042FEE9D6B001F1209 /* SfmlWindowTest */;
			productType = "com.apple.product-type.tool";
		};
		7CB31AB72FEEAB12001F1209 /* Labyrinth Builder App */ = {
			isa = PBXNativeTarget;
			buildConfigurationList = 7CB31AC62FEEAB14001F1209 /* Build configuration list for PBXNativeTarget "Labyrinth Builder App" */;
			buildPhases = (
				7CB31AB42FEEAB12001F1209 /* Sources */,
				7CB31AB52FEEAB12001F1209 /* Frameworks */,
				7CB31AB62FEEAB12001F1209 /* Resources */,
				7CB31AD92FEEB2A0001F1209 /* Embed Runtime Dylibs */,
			);
			buildRules = (
			);
			dependencies = (
			);
			fileSystemSynchronizedGroups = (
				7CB31AB92FEEAB12001F1209 /* Labyrinth Builder App */,
			);
			name = "Labyrinth Builder App";
			packageProductDependencies = (
			);
			productName = "Labyrinth Builder App";
			productReference = 7CB31AB82FEEAB12001F1209 /* Labyrinth Builder App.app */;
			productType = "com.apple.product-type.application";
		};
/* End PBXNativeTarget section */

/* Begin PBXProject section */
		7C2B53F82FE5115500DF1AC6 /* Project object */ = {
			isa = PBXProject;
			attributes = {
				BuildIndependentTargetsInParallel = 1;
				LastUpgradeCheck = 2650;
				TargetAttributes = {
					7C2B53FF2FE5115500DF1AC6 = {
						CreatedOnToolsVersion = 26.5;
					};
					7CB319F22FEE9C9D001F1209 = {
						CreatedOnToolsVersion = 26.5;
					};
					7CB31A032FEE9D6B001F1209 = {
						CreatedOnToolsVersion = 26.5;
					};
					7CB31AB72FEEAB12001F1209 = {
						CreatedOnToolsVersion = 26.5;
					};
				};
			};
			buildConfigurationList = 7C2B53FB2FE5115500DF1AC6 /* Build configuration list for PBXProject "Labyrinth Builder" */;
			developmentRegion = en;
			hasScannedForEncodings = 0;
			knownRegions = (
				en,
				Base,
			);
			mainGroup = 7C2B53F72FE5115500DF1AC6;
			minimizedProjectReferenceProxies = 1;
			preferredProjectObjectVersion = 77;
			productRefGroup = 7C2B54012FE5115500DF1AC6 /* Products */;
			projectDirPath = "";
			projectRoot = "";
			targets = (
				7C2B53FF2FE5115500DF1AC6 /* Labyrinth Builder */,
				7CB319F22FEE9C9D001F1209 /* SfmlRendererSmoke */,
				7CB31A032FEE9D6B001F1209 /* SfmlWindowTest */,
				7CB31AB72FEEAB12001F1209 /* Labyrinth Builder App */,
			);
		};
/* End PBXProject section */

/* Begin PBXResourcesBuildPhase section */
		7CB31AB62FEEAB12001F1209 /* Resources */ = {
			isa = PBXResourcesBuildPhase;
			buildActionMask = 2147483647;
			files = (
			);
			runOnlyForDeploymentPostprocessing = 0;
		};
/* End PBXResourcesBuildPhase section */

/* Begin PBXSourcesBuildPhase section */
		7C2B53FC2FE5115500DF1AC6 /* Sources */ = {
			isa = PBXSourcesBuildPhase;
			buildActionMask = 2147483647;
			files = (
			);
			runOnlyForDeploymentPostprocessing = 0;
		};
		7CB319EF2FEE9C9D001F1209 /* Sources */ = {
			isa = PBXSourcesBuildPhase;
			buildActionMask = 2147483647;
			files = (
			);
			runOnlyForDeploymentPostprocessing = 0;
		};
		7CB31A002FEE9D6B001F1209 /* Sources */ = {
			isa = PBXSourcesBuildPhase;
			buildActionMask = 2147483647;
			files = (
			);
			runOnlyForDeploymentPostprocessing = 0;
		};
		7CB31AB42FEEAB12001F1209 /* Sources */ = {
			isa = PBXSourcesBuildPhase;
			buildActionMask = 2147483647;
			files = (
			);
			runOnlyForDeploymentPostprocessing = 0;
		};
/* End PBXSourcesBuildPhase section */

/* Begin XCBuildConfiguration section */
		7C2B54052FE5115500DF1AC6 /* Debug */ = {
			isa = XCBuildConfiguration;
			buildSettings = {
				ALWAYS_SEARCH_USER_PATHS = NO;
				ASSETCATALOG_COMPILER_GENERATE_SWIFT_ASSET_SYMBOL_EXTENSIONS = YES;
				CLANG_ANALYZER_NONNULL = YES;
				CLANG_ANALYZER_NUMBER_OBJECT_CONVERSION = YES_AGGRESSIVE;
				CLANG_CXX_LANGUAGE_STANDARD = "gnu++20";
				CLANG_ENABLE_MODULES = YES;
				CLANG_ENABLE_OBJC_ARC = YES;
				CLANG_ENABLE_OBJC_WEAK = YES;
				CLANG_WARN_BLOCK_CAPTURE_AUTORELEASING = YES;
				CLANG_WARN_BOOL_CONVERSION = YES;
				CLANG_WARN_COMMA = YES;
				CLANG_WARN_CONSTANT_CONVERSION = YES;
				CLANG_WARN_DEPRECATED_OBJC_IMPLEMENTATIONS = YES;
				CLANG_WARN_DIRECT_OBJC_ISA_USAGE = YES_ERROR;
				CLANG_WARN_DOCUMENTATION_COMMENTS = YES;
				CLANG_WARN_EMPTY_BODY = YES;
				CLANG_WARN_ENUM_CONVERSION = YES;
				CLANG_WARN_INFINITE_RECURSION = YES;
				CLANG_WARN_INT_CONVERSION = YES;
				CLANG_WARN_NON_LITERAL_NULL_CONVERSION = YES;
				CLANG_WARN_OBJC_IMPLICIT_RETAIN_SELF = YES;
				CLANG_WARN_OBJC_LITERAL_CONVERSION = YES;
				CLANG_WARN_OBJC_ROOT_CLASS = YES_ERROR;
				CLANG_WARN_QUOTED_INCLUDE_IN_FRAMEWORK_HEADER = YES;
				CLANG_WARN_RANGE_LOOP_ANALYSIS = YES;
				CLANG_WARN_STRICT_PROTOTYPES = YES;
				CLANG_WARN_SUSPICIOUS_MOVE = YES;
				CLANG_WARN_UNGUARDED_AVAILABILITY = YES_AGGRESSIVE;
				CLANG_WARN_UNREACHABLE_CODE = YES;
				CLANG_WARN__DUPLICATE_METHOD_MATCH = YES;
				COPY_PHASE_STRIP = NO;
				DEBUG_INFORMATION_FORMAT = dwarf;
				ENABLE_STRICT_OBJC_MSGSEND = YES;
				ENABLE_TESTABILITY = YES;
				ENABLE_USER_SCRIPT_SANDBOXING = YES;
				GCC_C_LANGUAGE_STANDARD = gnu17;
				GCC_DYNAMIC_NO_PIC = NO;
				GCC_NO_COMMON_BLOCKS = YES;
				GCC_OPTIMIZATION_LEVEL = 0;
				GCC_PREPROCESSOR_DEFINITIONS = (
					"DEBUG=1",
					"$(inherited)",
				);
				GCC_WARN_64_TO_32_BIT_CONVERSION = YES;
				GCC_WARN_ABOUT_RETURN_TYPE = YES_ERROR;
				GCC_WARN_UNDECLARED_SELECTOR = YES;
				GCC_WARN_UNINITIALIZED_AUTOS = YES_AGGRESSIVE;
				GCC_WARN_UNUSED_FUNCTION = YES;
				GCC_WARN_UNUSED_VARIABLE = YES;
				LOCALIZATION_PREFERS_STRING_CATALOGS = YES;
				MACOSX_DEPLOYMENT_TARGET = 26.5;
				MTL_ENABLE_DEBUG_INFO = INCLUDE_SOURCE;
				MTL_FAST_MATH = YES;
				ONLY_ACTIVE_ARCH = YES;
				SDKROOT = macosx;
			};
			name = Debug;
		};
		7C2B54062FE5115500DF1AC6 /* Release */ = {
			isa = XCBuildConfiguration;
			buildSettings = {
				ALWAYS_SEARCH_USER_PATHS = NO;
				ASSETCATALOG_COMPILER_GENERATE_SWIFT_ASSET_SYMBOL_EXTENSIONS = YES;
				CLANG_ANALYZER_NONNULL = YES;
				CLANG_ANALYZER_NUMBER_OBJECT_CONVERSION = YES_AGGRESSIVE;
				CLANG_CXX_LANGUAGE_STANDARD = "gnu++20";
				CLANG_ENABLE_MODULES = YES;
				CLANG_ENABLE_OBJC_ARC = YES;
				CLANG_ENABLE_OBJC_WEAK = YES;
				CLANG_WARN_BLOCK_CAPTURE_AUTORELEASING = YES;
				CLANG_WARN_BOOL_CONVERSION = YES;
				CLANG_WARN_COMMA = YES;
				CLANG_WARN_CONSTANT_CONVERSION = YES;
				CLANG_WARN_DEPRECATED_OBJC_IMPLEMENTATIONS = YES;
				CLANG_WARN_DIRECT_OBJC_ISA_USAGE = YES_ERROR;
				CLANG_WARN_DOCUMENTATION_COMMENTS = YES;
				CLANG_WARN_EMPTY_BODY = YES;
				CLANG_WARN_ENUM_CONVERSION = YES;
				CLANG_WARN_INFINITE_RECURSION = YES;
				CLANG_WARN_INT_CONVERSION = YES;
				CLANG_WARN_NON_LITERAL_NULL_CONVERSION = YES;
				CLANG_WARN_OBJC_IMPLICIT_RETAIN_SELF = YES;
				CLANG_WARN_OBJC_LITERAL_CONVERSION = YES;
				CLANG_WARN_OBJC_ROOT_CLASS = YES_ERROR;
				CLANG_WARN_QUOTED_INCLUDE_IN_FRAMEWORK_HEADER = YES;
				CLANG_WARN_RANGE_LOOP_ANALYSIS = YES;
				CLANG_WARN_STRICT_PROTOTYPES = YES;
				CLANG_WARN_SUSPICIOUS_MOVE = YES;
				CLANG_WARN_UNGUARDED_AVAILABILITY = YES_AGGRESSIVE;
				CLANG_WARN_UNREACHABLE_CODE = YES;
				CLANG_WARN__DUPLICATE_METHOD_MATCH = YES;
				COPY_PHASE_STRIP = NO;
				DEBUG_INFORMATION_FORMAT = "dwarf-with-dsym";
				ENABLE_NS_ASSERTIONS = NO;
				ENABLE_STRICT_OBJC_MSGSEND = YES;
				ENABLE_USER_SCRIPT_SANDBOXING = YES;
				GCC_C_LANGUAGE_STANDARD = gnu17;
				GCC_NO_COMMON_BLOCKS = YES;
				GCC_WARN_64_TO_32_BIT_CONVERSION = YES;
				GCC_WARN_ABOUT_RETURN_TYPE = YES_ERROR;
				GCC_WARN_UNDECLARED_SELECTOR = YES;
				GCC_WARN_UNINITIALIZED_AUTOS = YES_AGGRESSIVE;
				GCC_WARN_UNUSED_FUNCTION = YES;
				GCC_WARN_UNUSED_VARIABLE = YES;
				LOCALIZATION_PREFERS_STRING_CATALOGS = YES;
				MACOSX_DEPLOYMENT_TARGET = 26.5;
				MTL_ENABLE_DEBUG_INFO = NO;
				MTL_FAST_MATH = YES;
				SDKROOT = macosx;
			};
			name = Release;
		};
		7C2B54082FE5115500DF1AC6 /* Debug */ = {
			isa = XCBuildConfiguration;
			buildSettings = {
				CODE_SIGN_STYLE = Automatic;
				HEADER_SEARCH_PATHS = "$(inherited)";
				LD_RUNPATH_SEARCH_PATHS = (
					"$(inherited)",
					/opt/homebrew/lib,
					"@executable_path/../Frameworks",
				);
				LIBRARY_SEARCH_PATHS = (
					"$(inherited)",
					/opt/homebrew/lib,
				);
				OTHER_LDFLAGS = (
					"$(inherited)",
					"-lsfml-graphics",
					"-lsfml-window",
					"-lsfml-system",
				);
				PRODUCT_NAME = "$(TARGET_NAME)";
				SYSTEM_HEADER_SEARCH_PATHS = /opt/homebrew/include;
			};
			name = Debug;
		};
		7C2B54092FE5115500DF1AC6 /* Release */ = {
			isa = XCBuildConfiguration;
			buildSettings = {
				CODE_SIGN_STYLE = Automatic;
				HEADER_SEARCH_PATHS = "$(inherited)";
				LD_RUNPATH_SEARCH_PATHS = (
					"$(inherited)",
					/opt/homebrew/lib,
					"@executable_path/../Frameworks",
				);
				LIBRARY_SEARCH_PATHS = (
					"$(inherited)",
					/opt/homebrew/lib,
				);
				OTHER_LDFLAGS = (
					"$(inherited)",
					"-lsfml-graphics",
					"-lsfml-window",
					"-lsfml-system",
				);
				PRODUCT_NAME = "$(TARGET_NAME)";
				SYSTEM_HEADER_SEARCH_PATHS = /opt/homebrew/include;
			};
			name = Release;
		};
		7CB319F82FEE9C9D001F1209 /* Debug */ = {
			isa = XCBuildConfiguration;
			buildSettings = {
				CODE_SIGN_STYLE = Automatic;
				HEADER_SEARCH_PATHS = "$(inherited)";
				LD_RUNPATH_SEARCH_PATHS = (
					"$(inherited)",
					/opt/homebrew/lib,
					"@executable_path/../Frameworks",
				);
				LIBRARY_SEARCH_PATHS = (
					"$(inherited)",
					/opt/homebrew/lib,
				);
				OTHER_LDFLAGS = (
					"$(inherited)",
					"-lsfml-graphics",
					"-lsfml-window",
					"-lsfml-system",
				);
				PRODUCT_NAME = "$(TARGET_NAME)";
				SYSTEM_HEADER_SEARCH_PATHS = /opt/homebrew/include;
			};
			name = Debug;
		};
		7CB319F92FEE9C9D001F1209 /* Release */ = {
			isa = XCBuildConfiguration;
			buildSettings = {
				CODE_SIGN_STYLE = Automatic;
				HEADER_SEARCH_PATHS = "$(inherited)";
				LD_RUNPATH_SEARCH_PATHS = (
					"$(inherited)",
					/opt/homebrew/lib,
					"@executable_path/../Frameworks",
				);
				LIBRARY_SEARCH_PATHS = (
					"$(inherited)",
					/opt/homebrew/lib,
				);
				OTHER_LDFLAGS = (
					"$(inherited)",
					"-lsfml-graphics",
					"-lsfml-window",
					"-lsfml-system",
				);
				PRODUCT_NAME = "$(TARGET_NAME)";
				SYSTEM_HEADER_SEARCH_PATHS = /opt/homebrew/include;
			};
			name = Release;
		};
		7CB31A092FEE9D6B001F1209 /* Debug */ = {
			isa = XCBuildConfiguration;
			buildSettings = {
				CODE_SIGN_STYLE = Automatic;
				HEADER_SEARCH_PATHS = "$(inherited)";
				LD_RUNPATH_SEARCH_PATHS = (
					"$(inherited)",
					/opt/homebrew/lib,
					"@executable_path/../Frameworks",
				);
				LIBRARY_SEARCH_PATHS = (
					"$(inherited)",
					/opt/homebrew/lib,
				);
				OTHER_LDFLAGS = (
					"$(inherited)",
					"-lsfml-graphics",
					"-lsfml-window",
					"-lsfml-system",
				);
				PRODUCT_NAME = "$(TARGET_NAME)";
				SYSTEM_HEADER_SEARCH_PATHS = /opt/homebrew/include;
			};
			name = Debug;
		};
		7CB31A0A2FEE9D6B001F1209 /* Release */ = {
			isa = XCBuildConfiguration;
			buildSettings = {
				CODE_SIGN_STYLE = Automatic;
				HEADER_SEARCH_PATHS = "$(inherited)";
				LD_RUNPATH_SEARCH_PATHS = (
					"$(inherited)",
					/opt/homebrew/lib,
					"@executable_path/../Frameworks",
				);
				LIBRARY_SEARCH_PATHS = (
					"$(inherited)",
					/opt/homebrew/lib,
				);
				OTHER_LDFLAGS = (
					"$(inherited)",
					"-lsfml-graphics",
					"-lsfml-window",
					"-lsfml-system",
				);
				PRODUCT_NAME = "$(TARGET_NAME)";
				SYSTEM_HEADER_SEARCH_PATHS = /opt/homebrew/include;
			};
			name = Release;
		};
		7CB31AC42FEEAB14001F1209 /* Debug */ = {
			isa = XCBuildConfiguration;
			baseConfigurationReference = 7CB31AE32FEEF000001F1209 /* LabyrinthBuilderApp-Debug.xcconfig */;
			buildSettings = {
				ASSETCATALOG_COMPILER_APPICON_NAME = AppIcon;
				ASSETCATALOG_COMPILER_GLOBAL_ACCENT_COLOR_NAME = AccentColor;
				CODE_SIGN_STYLE = Automatic;
				COMBINE_HIDPI_IMAGES = YES;
				CURRENT_PROJECT_VERSION = 1;
				ENABLE_APP_SANDBOX = YES;
				ENABLE_USER_SELECTED_FILES = readonly;
				GENERATE_INFOPLIST_FILE = YES;
				INFOPLIST_KEY_NSHumanReadableCopyright = "";
				INFOPLIST_KEY_NSMainNibFile = MainMenu;
				INFOPLIST_KEY_NSPrincipalClass = NSApplication;
				MARKETING_VERSION = 1.0;
				PRODUCT_BUNDLE_IDENTIFIER = "Computer-Science.Labyrinth-Forge-App";
				PRODUCT_NAME = "$(TARGET_NAME)";
				REGISTER_APP_GROUPS = YES;
				STRING_CATALOG_GENERATE_SYMBOLS = YES;
				SWIFT_EMIT_LOC_STRINGS = YES;
			};
			name = Debug;
		};
		7CB31AC52FEEAB14001F1209 /* Release */ = {
			isa = XCBuildConfiguration;
			baseConfigurationReference = 7CB31AE42FEEF000001F1209 /* LabyrinthBuilderApp-Release.xcconfig */;
			buildSettings = {
				ASSETCATALOG_COMPILER_APPICON_NAME = AppIcon;
				ASSETCATALOG_COMPILER_GLOBAL_ACCENT_COLOR_NAME = AccentColor;
				CODE_SIGN_STYLE = Automatic;
				COMBINE_HIDPI_IMAGES = YES;
				CURRENT_PROJECT_VERSION = 1;
				ENABLE_APP_SANDBOX = YES;
				ENABLE_USER_SELECTED_FILES = readonly;
				GENERATE_INFOPLIST_FILE = YES;
				INFOPLIST_KEY_NSHumanReadableCopyright = "";
				INFOPLIST_KEY_NSMainNibFile = MainMenu;
				INFOPLIST_KEY_NSPrincipalClass = NSApplication;
				MARKETING_VERSION = 1.0;
				PRODUCT_BUNDLE_IDENTIFIER = "Computer-Science.Labyrinth-Forge-App";
				PRODUCT_NAME = "$(TARGET_NAME)";
				REGISTER_APP_GROUPS = YES;
				STRING_CATALOG_GENERATE_SYMBOLS = YES;
				SWIFT_EMIT_LOC_STRINGS = YES;
			};
			name = Release;
		};
/* End XCBuildConfiguration section */

/* Begin XCConfigurationList section */
		7C2B53FB2FE5115500DF1AC6 /* Build configuration list for PBXProject "Labyrinth Builder" */ = {
			isa = XCConfigurationList;
			buildConfigurations = (
				7C2B54052FE5115500DF1AC6 /* Debug */,
				7C2B54062FE5115500DF1AC6 /* Release */,
			);
			defaultConfigurationIsVisible = 0;
			defaultConfigurationName = Release;
		};
		7C2B54072FE5115500DF1AC6 /* Build configuration list for PBXNativeTarget "Labyrinth Builder" */ = {
			isa = XCConfigurationList;
			buildConfigurations = (
				7C2B54082FE5115500DF1AC6 /* Debug */,
				7C2B54092FE5115500DF1AC6 /* Release */,
			);
			defaultConfigurationIsVisible = 0;
			defaultConfigurationName = Release;
		};
		7CB319F72FEE9C9D001F1209 /* Build configuration list for PBXNativeTarget "SfmlRendererSmoke" */ = {
			isa = XCConfigurationList;
			buildConfigurations = (
				7CB319F82FEE9C9D001F1209 /* Debug */,
				7CB319F92FEE9C9D001F1209 /* Release */,
			);
			defaultConfigurationIsVisible = 0;
			defaultConfigurationName = Release;
		};
		7CB31A082FEE9D6B001F1209 /* Build configuration list for PBXNativeTarget "SfmlWindowTest" */ = {
			isa = XCConfigurationList;
			buildConfigurations = (
				7CB31A092FEE9D6B001F1209 /* Debug */,
				7CB31A0A2FEE9D6B001F1209 /* Release */,
			);
			defaultConfigurationIsVisible = 0;
			defaultConfigurationName = Release;
		};
		7CB31AC62FEEAB14001F1209 /* Build configuration list for PBXNativeTarget "Labyrinth Builder App" */ = {
			isa = XCConfigurationList;
			buildConfigurations = (
				7CB31AC42FEEAB14001F1209 /* Debug */,
				7CB31AC52FEEAB14001F1209 /* Release */,
			);
			defaultConfigurationIsVisible = 0;
			defaultConfigurationName = Release;
		};
/* End XCConfigurationList section */
	};
	rootObject = 7C2B53F82FE5115500DF1AC6 /* Project object */;
}
